
Microsoft Visual Studio Solution File, Format Version 12.00
# Visual Studio 15
VisualStudioVersion = 15.0.26228.4
MinimumVisualStudioVersion = 10.0.40219.1
Project("{2150E333-8FDC-42A3-9474-1A3956D46DE8}") = "SolutionItems", "SolutionItems", "{EED74352-5764-43C0-BCF0-7762FDA2FDF2}"
	ProjectSection(SolutionItems) = preProject
		GlobalPackageInfo.targets.xml = GlobalPackageInfo.targets.xml
	EndProjectSection
EndProject
Project("{2150E333-8FDC-42A3-9474-1A3956D46DE8}") = "Tests", "Tests", "{795142DB-0FDD-4507-AA6A-030D3956DDC1}"
EndProject
Project("{9A19103F-16F7-4668-BE54-9A1E7A4F7556}") = "Schwefel.Ruthenium.Core", "Schwefel.Ruthenium.Core\Schwefel.Ruthenium.Core.csproj", "{172D2FD8-AE1F-4E81-82E1-68383716A245}"
EndProject
Project("{9A19103F-16F7-4668-BE54-9A1E7A4F7556}") = "Schwefel.Ruthenium.DependencyInjection", "Schwefel.Ruthenium.DependencyInjection\Schwefel.Ruthenium.DependencyInjection.csproj", "{A4E5233F-7946-4727-9FBC-500459F77949}"
EndProject
Project("{9A19103F-16F7-4668-BE54-9A1E7A4F7556}") = "Schwefel.Ruthenium.DependencyInjection.Logging", "Schwefel.Ruthenium.DependencyInjection.Logging\Schwefel.Ruthenium.DependencyInjection.Logging.csproj", "{0A5A4B16-C4FB-402D-A680-E9F239021B5E}"
EndProject
Project("{9A19103F-16F7-4668-BE54-9A1E7A4F7556}") = "Schwefel.Ruthenium.DependencyInjection.AutofacAdapter", "Schwefel.Ruthenium.DependencyInjection.AutofacAdapter\Schwefel.Ruthenium.DependencyInjection.AutofacAdapter.csproj", "{D3976BC4-D6CA-4512-8281-9C345353016B}"
EndProject
Project("{9A19103F-16F7-4668-BE54-9A1E7A4F7556}") = "Schwefel.Ruthenium.IO.FileSystem.Adapters", "Schwefel.Ruthenium.IO.FileSystem.Adapters\Schwefel.Ruthenium.IO.FileSystem.Adapters.csproj", "{606A306A-65DD-4456-9F96-523A6C213213}"
EndProject
Project("{9A19103F-16F7-4668-BE54-9A1E7A4F7556}") = "Schwefel.Ruthenium.Reflection.Attributes.Helpers", "Schwefel.Ruthenium.Reflection.Attributes.Helpers\Schwefel.Ruthenium.Reflection.Attributes.Helpers.csproj", "{603C4856-23FA-4401-934B-482DE908D56C}"
EndProject
Project("{9A19103F-16F7-4668-BE54-9A1E7A4F7556}") = "Schwefel.Ruthenium.Reflection.Helpers", "Schwefel.Ruthenium.Reflection.Helpers\Schwefel.Ruthenium.Reflection.Helpers.csproj", "{F282876D-A304-4E5E-AC89-B06451230A3B}"
EndProject
Project("{9A19103F-16F7-4668-BE54-9A1E7A4F7556}") = "Schwefel.Ruthenium.Security.Hash", "Schwefel.Ruthenium.Security.Hash\Schwefel.Ruthenium.Security.Hash.csproj", "{C0BA976F-303F-4A82-A1E9-AA5370E350E5}"
EndProject
Project("{9A19103F-16F7-4668-BE54-9A1E7A4F7556}") = "Schwefel.Ruthenium.Threading.Helpers", "Schwefel.Ruthenium.Threading.Helpers\Schwefel.Ruthenium.Threading.Helpers.csproj", "{B1B2B004-538E-4938-95A1-88B1DD7EC22D}"
EndProject
Project("{FAE04EC0-301F-11D3-BF4B-00C04F79EFBC}") = "Schwefel.Ruthenium.DependencyInjection.UnityAdapterNet45", "Schwefel.Ruthenium.DependencyInjection.UnityAdapterNet45\Schwefel.Ruthenium.DependencyInjection.UnityAdapterNet45.csproj", "{800C178E-07BE-4B02-85CF-434CFB7FC0EF}"
EndProject
Global
	GlobalSection(SolutionConfigurationPlatforms) = preSolution
		Debug|Any CPU = Debug|Any CPU
		Debug|x64 = Debug|x64
		Debug|x86 = Debug|x86
		Release|Any CPU = Release|Any CPU
		Release|x64 = Release|x64
		Release|x86 = Release|x86
	EndGlobalSection
	GlobalSection(ProjectConfigurationPlatforms) = postSolution
		{172D2FD8-AE1F-4E81-82E1-68383716A245}.Debug|Any CPU.ActiveCfg = Debug|Any CPU
		{172D2FD8-AE1F-4E81-82E1-68383716A245}.Debug|Any CPU.Build.0 = Debug|Any CPU
		{172D2FD8-AE1F-4E81-82E1-68383716A245}.Debug|x64.ActiveCfg = Debug|Any CPU
		{172D2FD8-AE1F-4E81-82E1-68383716A245}.Debug|x64.Build.0 = Debug|Any CPU
		{172D2FD8-AE1F-4E81-82E1-68383716A245}.Debug|x86.ActiveCfg = Debug|Any CPU
		{172D2FD8-AE1F-4E81-82E1-68383716A245}.Debug|x86.Build.0 = Debug|Any CPU
		{172D2FD8-AE1F-4E81-82E1-68383716A245}.Release|Any CPU.ActiveCfg = Release|Any CPU
		{172D2FD8-AE1F-4E81-82E1-68383716A245}.Release|Any CPU.Build.0 = Release|Any CPU
		{172D2FD8-AE1F-4E81-82E1-68383716A245}.Release|x64.ActiveCfg = Release|Any CPU
		{172D2FD8-AE1F-4E81-82E1-68383716A245}.Release|x64.Build.0 = Release|Any CPU
		{172D2FD8-AE1F-4E81-82E1-68383716A245}.Release|x86.ActiveCfg = Release|Any CPU
		{172D2FD8-AE1F-4E81-82E1-68383716A245}.Release|x86.Build.0 = Release|Any CPU
		{A4E5233F-7946-4727-9FBC-500459F77949}.Debug|Any CPU.ActiveCfg = Debug|Any CPU
		{A4E5233F-7946-4727-9FBC-500459F77949}.Debug|Any CPU.Build.0 = Debug|Any CPU
		{A4E5233F-7946-4727-9FBC-500459F77949}.Debug|x64.ActiveCfg = Debug|Any CPU
		{A4E5233F-7946-4727-9FBC-500459F77949}.Debug|x64.Build.0 = Debug|Any CPU
		{A4E5233F-7946-4727-9FBC-500459F77949}.Debug|x86.ActiveCfg = Debug|Any CPU
		{A4E5233F-7946-4727-9FBC-500459F77949}.Debug|x86.Build.0 = Debug|Any CPU
		{A4E5233F-7946-4727-9FBC-500459F77949}.Release|Any CPU.ActiveCfg = Release|Any CPU
		{A4E5233F-7946-4727-9FBC-500459F77949}.Release|Any CPU.Build.0 = Release|Any CPU
		{A4E5233F-7946-4727-9FBC-500459F77949}.Release|x64.ActiveCfg = Release|Any CPU
		{A4E5233F-7946-4727-9FBC-500459F77949}.Release|x64.Build.0 = Release|Any CPU
		{A4E5233F-7946-4727-9FBC-500459F77949}.Release|x86.ActiveCfg = Release|Any CPU
		{A4E5233F-7946-4727-9FBC-500459F77949}.Release|x86.Build.0 = Release|Any CPU
		{0A5A4B16-C4FB-402D-A680-E9F239021B5E}.Debug|Any CPU.ActiveCfg = Debug|Any CPU
		{0A5A4B16-C4FB-402D-A680-E9F239021B5E}.Debug|Any CPU.Build.0 = Debug|Any CPU
		{0A5A4B16-C4FB-402D-A680-E9F239021B5E}.Debug|x64.ActiveCfg = Debug|Any CPU
		{0A5A4B16-C4FB-402D-A680-E9F239021B5E}.Debug|x64.Build.0 = Debug|Any CPU
		{0A5A4B16-C4FB-402D-A680-E9F239021B5E}.Debug|x86.ActiveCfg = Debug|Any CPU
		{0A5A4B16-C4FB-402D-A680-E9F239021B5E}.Debug|x86.Build.0 = Debug|Any CPU
		{0A5A4B16-C4FB-402D-A680-E9F239021B5E}.Release|Any CPU.ActiveCfg = Release|Any CPU
		{0A5A4B16-C4FB-402D-A680-E9F239021B5E}.Release|Any CPU.Build.0 = Release|Any CPU
		{0A5A4B16-C4FB-402D-A680-E9F239021B5E}.Release|x64.ActiveCfg = Release|Any CPU
		{0A5A4B16-C4FB-402D-A680-E9F239021B5E}.Release|x64.Build.0 = Release|Any CPU
		{0A5A4B16-C4FB-402D-A680-E9F239021B5E}.Release|x86.ActiveCfg = Release|Any CPU
		{0A5A4B16-C4FB-402D-A680-E9F239021B5E}.Release|x86.Build.0 = Release|Any CPU
		{D3976BC4-D6CA-4512-8281-9C345353016B}.Debug|Any CPU.ActiveCfg = Debug|Any CPU
		{D3976BC4-D6CA-4512-8281-9C345353016B}.Debug|Any CPU.Build.0 = Debug|Any CPU
		{D3976BC4-D6CA-4512-8281-9C345353016B}.Debug|x64.ActiveCfg = Debug|Any CPU
		{D3976BC4-D6CA-4512-8281-9C345353016B}.Debug|x64.Build.0 = Debug|Any CPU
		{D3976BC4-D6CA-4512-8281-9C345353016B}.Debug|x86.ActiveCfg = Debug|Any CPU
		{D3976BC4-D6CA-4512-8281-9C345353016B}.Debug|x86.Build.0 = Debug|Any CPU
		{D3976BC4-D6CA-4512-8281-9C345353016B}.Release|Any CPU.ActiveCfg = Release|Any CPU
		{D3976BC4-D6CA-4512-8281-9C345353016B}.Release|Any CPU.Build.0 = Release|Any CPU
		{D3976BC4-D6CA-4512-8281-9C345353016B}.Release|x64.ActiveCfg = Release|Any CPU
		{D3976BC4-D6CA-4512-8281-9C345353016B}.Release|x64.Build.0 = Release|Any CPU
		{D3976BC4-D6CA-4512-8281-9C345353016B}.Release|x86.ActiveCfg = Release|Any CPU
		{D3976BC4-D6CA-4512-8281-9C345353016B}.Release|x86.Build.0 = Release|Any CPU
		{606A306A-65DD-4456-9F96-523A6C213213}.Debug|Any CPU.ActiveCfg = Debug|Any CPU
		{606A306A-65DD-4456-9F96-523A6C213213}.Debug|Any CPU.Build.0 = Debug|Any CPU
		{606A306A-65DD-4456-9F96-523A6C213213}.Debug|x64.ActiveCfg = Debug|Any CPU
		{606A306A-65DD-4456-9F96-523A6C213213}.Debug|x64.Build.0 = Debug|Any CPU
		{606A306A-65DD-4456-9F96-523A6C213213}.Debug|x86.ActiveCfg = Debug|Any CPU
		{606A306A-65DD-4456-9F96-523A6C213213}.Debug|x86.Build.0 = Debug|Any CPU
		{606A306A-65DD-4456-9F96-523A6C213213}.Release|Any CPU.ActiveCfg = Release|Any CPU
		{606A306A-65DD-4456-9F96-523A6C213213}.Release|Any CPU.Build.0 = Release|Any CPU
		{606A306A-65DD-4456-9F96-523A6C213213}.Release|x64.ActiveCfg = Release|Any CPU
		{606A306A-65DD-4456-9F96-523A6C213213}.Release|x64.Build.0 = Release|Any CPU
		{606A306A-65DD-4456-9F96-523A6C213213}.Release|x86.ActiveCfg = Release|Any CPU
		{606A306A-65DD-4456-9F96-523A6C213213}.Release|x86.Build.0 = Release|Any CPU
		{603C4856-23FA-4401-934B-482DE908D56C}.Debug|Any CPU.ActiveCfg = Debug|Any CPU
		{603C4856-23FA-4401-934B-482DE908D56C}.Debug|Any CPU.Build.0 = Debug|Any CPU
		{603C4856-23FA-4401-934B-482DE908D56C}.Debug|x64.ActiveCfg = Debug|Any CPU
		{603C4856-23FA-4401-934B-482DE908D56C}.Debug|x64.Build.0 = Debug|Any CPU
		{603C4856-23FA-4401-934B-482DE908D56C}.Debug|x86.ActiveCfg = Debug|Any CPU
		{603C4856-23FA-4401-934B-482DE908D56C}.Debug|x86.Build.0 = Debug|Any CPU
		{603C4856-23FA-4401-934B-482DE908D56C}.Release|Any CPU.ActiveCfg = Release|Any CPU
		{603C4856-23FA-4401-934B-482DE908D56C}.Release|Any CPU.Build.0 = Release|Any CPU
		{603C4856-23FA-4401-934B-482DE908D56C}.Release|x64.ActiveCfg = Release|Any CPU
		{603C4856-23FA-4401-934B-482DE908D56C}.Release|x64.Build.0 = Release|Any CPU
		{603C4856-23FA-4401-934B-482DE908D56C}.Release|x86.ActiveCfg = Release|Any CPU
		{603C4856-23FA-4401-934B-482DE908D56C}.Release|x86.Build.0 = Release|Any CPU
		{F282876D-A304-4E5E-AC89-B06451230A3B}.Debug|Any CPU.ActiveCfg = Debug|Any CPU
		{F282876D-A304-4E5E-AC89-B06451230A3B}.Debug|Any CPU.Build.0 = Debug|Any CPU
		{F282876D-A304-4E5E-AC89-B06451230A3B}.Debug|x64.ActiveCfg = Debug|Any CPU
		{F282876D-A304-4E5E-AC89-B06451230A3B}.Debug|x64.Build.0 = Debug|Any CPU
		{F282876D-A304-4E5E-AC89-B06451230A3B}.Debug|x86.ActiveCfg = Debug|Any CPU
		{F282876D-A304-4E5E-AC89-B06451230A3B}.Debug|x86.Build.0 = Debug|Any CPU
		{F282876D-A304-4E5E-AC89-B06451230A3B}.Release|Any CPU.ActiveCfg = Release|Any CPU
		{F282876D-A304-4E5E-AC89-B06451230A3B}.Release|Any CPU.Build.0 = Release|Any CPU
		{F282876D-A304-4E5E-AC89-B06451230A3B}.Release|x64.ActiveCfg = Release|Any CPU
		{F282876D-A304-4E5E-AC89-B06451230A3B}.Release|x64.Build.0 = Release|Any CPU
		{F282876D-A304-4E5E-AC89-B06451230A3B}.Release|x86.ActiveCfg = Release|Any CPU
		{F282876D-A304-4E5E-AC89-B06451230A3B}.Release|x86.Build.0 = Release|Any CPU
		{C0BA976F-303F-4A82-A1E9-AA5370E350E5}.Debug|Any CPU.ActiveCfg = Debug|Any CPU
		{C0BA976F-303F-4A82-A1E9-AA5370E350E5}.Debug|Any CPU.Build.0 = Debug|Any CPU
		{C0BA976F-303F-4A82-A1E9-AA5370E350E5}.Debug|x64.ActiveCfg = Debug|Any CPU
		{C0BA976F-303F-4A82-A1E9-AA5370E350E5}.Debug|x64.Build.0 = Debug|Any CPU
		{C0BA976F-303F-4A82-A1E9-AA5370E350E5}.Debug|x86.ActiveCfg = Debug|Any CPU
		{C0BA976F-303F-4A82-A1E9-AA5370E350E5}.Debug|x86.Build.0 = Debug|Any CPU
		{C0BA976F-303F-4A82-A1E9-AA5370E350E5}.Release|Any CPU.ActiveCfg = Release|Any CPU
		{C0BA976F-303F-4A82-A1E9-AA5370E350E5}.Release|Any CPU.Build.0 = Release|Any CPU
		{C0BA976F-303F-4A82-A1E9-AA5370E350E5}.Release|x64.ActiveCfg = Release|Any CPU
		{C0BA976F-303F-4A82-A1E9-AA5370E350E5}.Release|x64.Build.0 = Release|Any CPU
		{C0BA976F-303F-4A82-A1E9-AA5370E350E5}.Release|x86.ActiveCfg = Release|Any CPU
		{C0BA976F-303F-4A82-A1E9-AA5370E350E5}.Release|x86.Build.0 = Release|Any CPU
		{B1B2B004-538E-4938-95A1-88B1DD7EC22D}.Debug|Any CPU.ActiveCfg = Debug|Any CPU
		{B1B2B004-538E-4938-95A1-88B1DD7EC22D}.Debug|Any CPU.Build.0 = Debug|Any CPU
		{B1B2B004-538E-4938-95A1-88B1DD7EC22D}.Debug|x64.ActiveCfg = Debug|Any CPU
		{B1B2B004-538E-4938-95A1-88B1DD7EC22D}.Debug|x64.Build.0 = Debug|Any CPU
		{B1B2B004-538E-4938-95A1-88B1DD7EC22D}.Debug|x86.ActiveCfg = Debug|Any CPU
		{B1B2B004-538E-4938-95A1-88B1DD7EC22D}.Debug|x86.Build.0 = Debug|Any CPU
		{B1B2B004-538E-4938-95A1-88B1DD7EC22D}.Release|Any CPU.ActiveCfg = Release|Any CPU
		{B1B2B004-538E-4938-95A1-88B1DD7EC22D}.Release|Any CPU.Build.0 = Release|Any CPU
		{B1B2B004-538E-4938-95A1-88B1DD7EC22D}.Release|x64.ActiveCfg = Release|Any CPU
		{B1B2B004-538E-4938-95A1-88B1DD7EC22D}.Release|x64.Build.0 = Release|Any CPU
		{B1B2B004-538E-4938-95A1-88B1DD7EC22D}.Release|x86.ActiveCfg = Release|Any CPU
		{B1B2B004-538E-4938-95A1-88B1DD7EC22D}.Release|x86.Build.0 = Release|Any CPU
		{800C178E-07BE-4B02-85CF-434CFB7FC0EF}.Debug|Any CPU.ActiveCfg = Debug|Any CPU
		{800C178E-07BE-4B02-85CF-434CFB7FC0EF}.Debug|Any CPU.Build.0 = Debug|Any CPU
		{800C178E-07BE-4B02-85CF-434CFB7FC0EF}.Debug|x64.ActiveCfg = Debug|Any CPU
		{800C178E-07BE-4B02-85CF-434CFB7FC0EF}.Debug|x64.Build.0 = Debug|Any CPU
		{800C178E-07BE-4B02-85CF-434CFB7FC0EF}.Debug|x86.ActiveCfg = Debug|Any CPU
		{800C178E-07BE-4B02-85CF-434CFB7FC0EF}.Debug|x86.Build.0 = Debug|Any CPU
		{800C178E-07BE-4B02-85CF-434CFB7FC0EF}.Release|Any CPU.ActiveCfg = Release|Any CPU
		{800C178E-07BE-4B02-85CF-434CFB7FC0EF}.Release|Any CPU.Build.0 = Release|Any CPU
		{800C178E-07BE-4B02-85CF-434CFB7FC0EF}.Release|x64.ActiveCfg = Release|Any CPU
		{800C178E-07BE-4B02-85CF-434CFB7FC0EF}.Release|x64.Build.0 = Release|Any CPU
		{800C178E-07BE-4B02-85CF-434CFB7FC0EF}.Release|x86.ActiveCfg = Release|Any CPU
		{800C178E-07BE-4B02-85CF-434CFB7FC0EF}.Release|x86.Build.0 = Release|Any CPU
	EndGlobalSection
	GlobalSection(SolutionProperties) = preSolution
		HideSolutionNode = FALSE
	EndGlobalSection
EndGlobal
